
Microsoft Visual Studio Solution File, Format Version 12.00
# Visual Studio 15
VisualStudioVersion = 15.0.28307.572
MinimumVisualStudioVersion = 10.0.40219.1
Project("{FAE04EC0-301F-11D3-BF4B-00C04F79EFBC}") = "Guess-Random-Number", "Guess-Random-Number\Guess-Random-Number.csproj", "{B119E612-740D-4E52-87AB-F0B6743E3157}"
EndProject
Global
	GlobalSection(SolutionConfigurationPlatforms) = preSolution
		Debug|Any CPU = Debug|Any CPU
		Release|Any CPU = Release|Any CPU
	EndGlobalSection
	GlobalSection(ProjectConfigurationPlatforms) = postSolution
		{B119E612-740D-4E52-87AB-F0B6743E3157}.Debug|Any CPU.ActiveCfg = Debug|Any CPU
		{B119E612-740D-4E52-87AB-F0B6743E3157}.Debug|Any CPU.Build.0 = Debug|Any CPU
		{B119E612-740D-4E52-87AB-F0B6743E3157}.Release|Any CPU.ActiveCfg = Release|Any CPU
		{B119E612-740D-4E52-87AB-F0B6743E3157}.Release|Any CPU.Build.0 = Release|Any CPU
	EndGlobalSection
	GlobalSection(SolutionProperties) = preSolution
		HideSolutionNode = FALSE
	EndGlobalSection
	GlobalSection(ExtensibilityGlobals) = postSolution
		SolutionGuid = {5BCD4969-64F0-46E2-A781-0B96912481EA}
	EndGlobalSection
EndGlobal
